
Microsoft Visual Studio Solution File, Format Version 12.00
# Visual Studio Version 17
VisualStudioVersion = 17.13.35806.99
MinimumVisualStudioVersion = 10.0.40219.1
Project("{FAE04EC0-301F-11D3-BF4B-00C04F79EFBC}") = "ProducerApp", "Kafka demo 1\ProducerApp.csproj", "{086B1C42-9848-482F-B6D3-37C7CDD00E8E}"
EndProject
Project("{FAE04EC0-301F-11D3-BF4B-00C04F79EFBC}") = "ConsumerApp", "ConsumerApp\ConsumerApp.csproj", "{57474FB3-7E87-4B20-808C-4DA7D63BD71E}"
EndProject
Project("{FAE04EC0-301F-11D3-BF4B-00C04F79EFBC}") = "connectOracleDBTest", "connectOracleDBTest\connectOracleDBTest.csproj", "{674D9EF4-88AF-43BF-BF97-AFDE042A4D10}"
EndProject
Global
	GlobalSection(SolutionConfigurationPlatforms) = preSolution
		Debug|Any CPU = Debug|Any CPU
		Release|Any CPU = Release|Any CPU
	EndGlobalSection
	GlobalSection(ProjectConfigurationPlatforms) = postSolution
		{086B1C42-9848-482F-B6D3-37C7CDD00E8E}.Debug|Any CPU.ActiveCfg = Debug|Any CPU
		{086B1C42-9848-482F-B6D3-37C7CDD00E8E}.Debug|Any CPU.Build.0 = Debug|Any CPU
		{086B1C42-9848-482F-B6D3-37C7CDD00E8E}.Release|Any CPU.ActiveCfg = Release|Any CPU
		{086B1C42-9848-482F-B6D3-37C7CDD00E8E}.Release|Any CPU.Build.0 = Release|Any CPU
		{57474FB3-7E87-4B20-808C-4DA7D63BD71E}.Debug|Any CPU.ActiveCfg = Debug|Any CPU
		{57474FB3-7E87-4B20-808C-4DA7D63BD71E}.Debug|Any CPU.Build.0 = Debug|Any CPU
		{57474FB3-7E87-4B20-808C-4DA7D63BD71E}.Release|Any CPU.ActiveCfg = Release|Any CPU
		{57474FB3-7E87-4B20-808C-4DA7D63BD71E}.Release|Any CPU.Build.0 = Release|Any CPU
		{674D9EF4-88AF-43BF-BF97-AFDE042A4D10}.Debug|Any CPU.ActiveCfg = Debug|Any CPU
		{674D9EF4-88AF-43BF-BF97-AFDE042A4D10}.Debug|Any CPU.Build.0 = Debug|Any CPU
		{674D9EF4-88AF-43BF-BF97-AFDE042A4D10}.Release|Any CPU.ActiveCfg = Release|Any CPU
		{674D9EF4-88AF-43BF-BF97-AFDE042A4D10}.Release|Any CPU.Build.0 = Release|Any CPU
	EndGlobalSection
	GlobalSection(SolutionProperties) = preSolution
		HideSolutionNode = FALSE
	EndGlobalSection
	GlobalSection(ExtensibilityGlobals) = postSolution
		SolutionGuid = {7214BF70-87E6-48A1-921B-6EC762401FEF}
	EndGlobalSection
EndGlobal
